{
  "requires": true,
  "lockfileVersion": 1,
  "dependencies": {
    "v-mask": {
      "version": "2.2.3",
      "resolved": "https://registry.npmjs.org/v-mask/-/v-mask-2.2.3.tgz",
      "integrity": "sha512-as00PjW8pC9fmub4y5DqO7Wg6wCIM6fddRk7rykZ6u3C7Zs/iDi/9vnssVkQCZY1o7DTjfK8jlLy0E+Nz4D+mg=="
    }
  }
}
