{
  "requires": true,
  "lockfileVersion": 1,
  "dependencies": {
    "vue-essentials": {
      "version": "0.1.50",
      "resolved": "https://registry.npmjs.org/vue-essentials/-/vue-essentials-0.1.50.tgz",
      "integrity": "sha512-4RzQ7s6DI8gwKIr9uvz7cSpA6Hh2jsnatPSVYuwNXzwWok95WYpXUf5r3749vXyDuUFnOVQpW0vwxcO9O+a5sA=="
    }
  }
}
